
Microsoft Visual Studio Solution File, Format Version 12.00
# Visual Studio Version 17
VisualStudioVersion = 17.9.34728.123
MinimumVisualStudioVersion = 10.0.40219.1
Project("{FAE04EC0-301F-11D3-BF4B-00C04F79EFBC}") = "iCourse", "iCourse\iCourse.csproj", "{877B4D41-2A05-4143-B530-9088096483B7}"
EndProject
Global
	GlobalSection(SolutionConfigurationPlatforms) = preSolution
		Debug|Any CPU = Debug|Any CPU
		Release|Any CPU = Release|Any CPU
	EndGlobalSection
	GlobalSection(ProjectConfigurationPlatforms) = postSolution
		{877B4D41-2A05-4143-B530-9088096483B7}.Debug|Any CPU.ActiveCfg = Debug|Any CPU
		{877B4D41-2A05-4143-B530-9088096483B7}.Debug|Any CPU.Build.0 = Debug|Any CPU
		{877B4D41-2A05-4143-B530-9088096483B7}.Release|Any CPU.ActiveCfg = Release|Any CPU
		{877B4D41-2A05-4143-B530-9088096483B7}.Release|Any CPU.Build.0 = Release|Any CPU
	EndGlobalSection
	GlobalSection(SolutionProperties) = preSolution
		HideSolutionNode = FALSE
	EndGlobalSection
	GlobalSection(ExtensibilityGlobals) = postSolution
		SolutionGuid = {4F48473C-B3FC-42F5-89A8-D34E8991D612}
	EndGlobalSection
EndGlobal
