
Microsoft Visual Studio Solution File, Format Version 12.00
# Visual Studio Version 17
VisualStudioVersion = 17.9.34728.123
MinimumVisualStudioVersion = 10.0.40219.1
Project("{9A19103F-16F7-4668-BE54-9A1E7A4F7556}") = "iCourse", "iCourse\iCourse.csproj", "{877B4D41-2A05-4143-B530-9088096483B7}"
EndProject
Project("{2150E333-8FDC-42A3-9474-1A3956D46DE8}") = "Solution Items", "Solution Items", "{8087CD49-30F8-45F7-BCDE-41A2D8711B9A}"
	ProjectSection(SolutionItems) = preProject
		.editorconfig = .editorconfig
	EndProjectSection
EndProject
Global
	GlobalSection(SolutionConfigurationPlatforms) = preSolution
		Debug|Any CPU = Debug|Any CPU
		Debug|x86 = Debug|x86
		Release|Any CPU = Release|Any CPU
		Release|x86 = Release|x86
	EndGlobalSection
	GlobalSection(ProjectConfigurationPlatforms) = postSolution
		{877B4D41-2A05-4143-B530-9088096483B7}.Debug|Any CPU.ActiveCfg = Debug|Any CPU
		{877B4D41-2A05-4143-B530-9088096483B7}.Debug|Any CPU.Build.0 = Debug|Any CPU
		{877B4D41-2A05-4143-B530-9088096483B7}.Debug|x86.ActiveCfg = Debug|Any CPU
		{877B4D41-2A05-4143-B530-9088096483B7}.Debug|x86.Build.0 = Debug|Any CPU
		{877B4D41-2A05-4143-B530-9088096483B7}.Release|Any CPU.ActiveCfg = Release|Any CPU
		{877B4D41-2A05-4143-B530-9088096483B7}.Release|Any CPU.Build.0 = Release|Any CPU
		{877B4D41-2A05-4143-B530-9088096483B7}.Release|x86.ActiveCfg = Release|Any CPU
		{877B4D41-2A05-4143-B530-9088096483B7}.Release|x86.Build.0 = Release|Any CPU
	EndGlobalSection
	GlobalSection(SolutionProperties) = preSolution
		HideSolutionNode = FALSE
	EndGlobalSection
	GlobalSection(ExtensibilityGlobals) = postSolution
		SolutionGuid = {4F48473C-B3FC-42F5-89A8-D34E8991D612}
	EndGlobalSection
EndGlobal
